{
  "name": "fitfak-belge",
  "version": "0.1.0",
  "lockfileVersion": 3,
  "requires": true,
  "packages": {
    "": {
      "name": "fitfak-belge",
      "version": "0.1.0",
      "license": "MIT",
      "workspaces": [
        "packages/*",
        "apps/*"
      ],
      "bin": {
        "fitfak-belge": "bin/fitfak-belge.js"
      },
      "engines": {
        "node": ">=20.0.0"
      }
    },
    "apps/server": {
      "name": "@fitfak/server",
      "version": "1.0.0",
      "dependencies": {
        "@fitfak/pades": "^1.0.0",
        "@fitfak/paper": "^1.0.0",
        "@fitfak/pdf-html": "^1.0.0",
        "@fitfak/pkcs12": "^1.0.0",
        "@fitfak/stamp": "^1.0.0",
        "@fitfak/verify": "^1.0.0"
      }
    },
    "apps/studio": {
      "name": "@fitfak/studio",
      "version": "1.0.0"
    },
    "node_modules/@fitfak/conformance": {
      "resolved": "packages/conformance",
      "link": true
    },
    "node_modules/@fitfak/pades": {
      "resolved": "packages/pades",
      "link": true
    },
    "node_modules/@fitfak/paper": {
      "resolved": "packages/paper",
      "link": true
    },
    "node_modules/@fitfak/pdf": {
      "resolved": "packages/pdf",
      "link": true
    },
    "node_modules/@fitfak/pdf-doc": {
      "resolved": "packages/pdf-doc",
      "link": true
    },
    "node_modules/@fitfak/pdf-html": {
      "resolved": "packages/pdf-html",
      "link": true
    },
    "node_modules/@fitfak/pdf-scene": {
      "resolved": "packages/pdf-scene",
      "link": true
    },
    "node_modules/@fitfak/pkcs12": {
      "resolved": "packages/pkcs12",
      "link": true
    },
    "node_modules/@fitfak/qr": {
      "resolved": "packages/qr",
      "link": true
    },
    "node_modules/@fitfak/server": {
      "resolved": "apps/server",
      "link": true
    },
    "node_modules/@fitfak/ssl": {
      "resolved": "packages/ssl",
      "link": true
    },
    "node_modules/@fitfak/stamp": {
      "resolved": "packages/stamp",
      "link": true
    },
    "node_modules/@fitfak/studio": {
      "resolved": "apps/studio",
      "link": true
    },
    "node_modules/@fitfak/verify": {
      "resolved": "packages/verify",
      "link": true
    },
    "packages/conformance": {
      "name": "@fitfak/conformance",
      "version": "1.0.0",
      "license": "MIT",
      "dependencies": {
        "@fitfak/pdf-doc": "^1.0.0"
      },
      "engines": {
        "node": ">=20.0.0"
      }
    },
    "packages/pades": {
      "name": "@fitfak/pades",
      "version": "1.0.0",
      "license": "MIT",
      "dependencies": {
        "@fitfak/pdf-doc": "^1.0.0",
        "@fitfak/ssl": "^2.1.0"
      },
      "engines": {
        "node": ">=20.0.0"
      },
      "optionalDependencies": {
        "@fitfak/qr": "^1.0.0",
        "@fitfak/stamp": "^1.0.0"
      }
    },
    "packages/paper": {
      "name": "@fitfak/paper",
      "version": "1.0.0",
      "license": "MIT",
      "engines": {
        "node": ">=20.0.0"
      }
    },
    "packages/pdf": {
      "name": "@fitfak/pdf",
      "version": "1.0.0",
      "license": "MIT",
      "engines": {
        "node": ">=20.0.0"
      }
    },
    "packages/pdf-doc": {
      "name": "@fitfak/pdf-doc",
      "version": "1.0.0",
      "license": "MIT",
      "engines": {
        "node": ">=20.0.0"
      }
    },
    "packages/pdf-html": {
      "name": "@fitfak/pdf-html",
      "version": "1.0.0",
      "license": "MIT",
      "dependencies": {
        "@fitfak/pdf": "^1.0.0"
      },
      "engines": {
        "node": ">=20.0.0"
      }
    },
    "packages/pdf-scene": {
      "name": "@fitfak/pdf-scene",
      "version": "1.0.0",
      "license": "MIT",
      "dependencies": {
        "@fitfak/conformance": "^1.0.0",
        "@fitfak/pdf": "^1.0.0",
        "@fitfak/pdf-html": "^1.0.0",
        "@fitfak/qr": "^1.0.0"
      },
      "engines": {
        "node": ">=20.0.0"
      }
    },
    "packages/pkcs12": {
      "name": "@fitfak/pkcs12",
      "version": "1.0.0",
      "license": "MIT",
      "dependencies": {
        "@fitfak/ssl": "^2.1.0"
      },
      "engines": {
        "node": ">=20.0.0"
      }
    },
    "packages/qr": {
      "name": "@fitfak/qr",
      "version": "1.0.0",
      "license": "MIT",
      "engines": {
        "node": ">=20.0.0"
      }
    },
    "packages/ssl": {
      "name": "@fitfak/ssl",
      "version": "2.1.0",
      "license": "MIT",
      "engines": {
        "node": ">=18.0.0"
      }
    },
    "packages/stamp": {
      "name": "@fitfak/stamp",
      "version": "1.0.0",
      "license": "MIT",
      "dependencies": {
        "@fitfak/pades": "^1.0.0",
        "@fitfak/qr": "^1.0.0"
      },
      "engines": {
        "node": ">=20.0.0"
      }
    },
    "packages/verify": {
      "name": "@fitfak/verify",
      "version": "1.0.0",
      "license": "MIT",
      "dependencies": {
        "@fitfak/pades": "^1.0.0",
        "@fitfak/ssl": "^2.1.0"
      },
      "engines": {
        "node": ">=20.0.0"
      }
    }
  }
}
