{
  "name": "pdf",
  "lockfileVersion": 3,
  "requires": true,
  "packages": {
    "": {
      "dependencies": {
        "@fitfak/pades": "^1.0.0",
        "@fitfak/pdf": "^1.0.0",
        "@fitfak/qr": "^1.0.0",
        "@fitfak/ssl": "^2.1.0"
      }
    },
    "node_modules/@fitfak/pades": {
      "version": "1.0.0",
      "resolved": "https://registry.npmjs.org/@fitfak/pades/-/pades-1.0.0.tgz",
      "integrity": "sha512-h45UFBGJOArCOry3bIhNDPPohEQ2VxNRPpOgIApcdIQOHteZrOJaOmfv72yw/e0r8tjrKbrsu/u++iootN5eKA==",
      "license": "MIT",
      "engines": {
        "node": ">=20.0.0"
      }
    },
    "node_modules/@fitfak/pdf": {
      "version": "1.0.0",
      "resolved": "https://registry.npmjs.org/@fitfak/pdf/-/pdf-1.0.0.tgz",
      "integrity": "sha512-ihRQyiiQ6ddT9Vupd/UObTTGZ5gBWfWH8iy59Nh4VbEGWuUp8of2m766ElXUXdGf8a+6ikfzD3Dllq5upMREAw==",
      "license": "MIT",
      "engines": {
        "node": ">=20.0.0"
      }
    },
    "node_modules/@fitfak/qr": {
      "version": "1.0.0",
      "resolved": "https://registry.npmjs.org/@fitfak/qr/-/qr-1.0.0.tgz",
      "integrity": "sha512-qnNvw1dAw5QO2jAYKpzsFqDopjnypzA/bIqhf+5/5IIccVk5rVYgmkiG2K1qDyGGq1qd/gbo1K6gAtax94phlQ==",
      "license": "MIT",
      "engines": {
        "node": ">=20.0.0"
      }
    },
    "node_modules/@fitfak/ssl": {
      "version": "2.1.0",
      "resolved": "https://registry.npmjs.org/@fitfak/ssl/-/ssl-2.1.0.tgz",
      "integrity": "sha512-qoW6D+bLpVtO200dQ6uoXFwXvlprue+3e3MnOTWV8iRMCNXG0YzkQ0Ob7+3t10BqldhmE9nA37DEPr2P04MxQw==",
      "license": "MIT",
      "engines": {
        "node": ">=18.0.0"
      }
    }
  }
}
